
Microsoft Visual Studio Solution File, Format Version 12.00
# Visual Studio 15
VisualStudioVersion = 15.0.27130.2036
MinimumVisualStudioVersion = 10.0.40219.1
Project("{FAE04EC0-301F-11D3-BF4B-00C04F79EFBC}") = "IntroQuickCode", "IntroQuickCode\IntroQuickCode.csproj", "{3444847D-4F63-4F55-A02D-9EA00939D2EA}"
EndProject
Global
	GlobalSection(SolutionConfigurationPlatforms) = preSolution
		Debug|Any CPU = Debug|Any CPU
		Release|Any CPU = Release|Any CPU
	EndGlobalSection
	GlobalSection(ProjectConfigurationPlatforms) = postSolution
		{3444847D-4F63-4F55-A02D-9EA00939D2EA}.Debug|Any CPU.ActiveCfg = Debug|Any CPU
		{3444847D-4F63-4F55-A02D-9EA00939D2EA}.Debug|Any CPU.Build.0 = Debug|Any CPU
		{3444847D-4F63-4F55-A02D-9EA00939D2EA}.Release|Any CPU.ActiveCfg = Release|Any CPU
		{3444847D-4F63-4F55-A02D-9EA00939D2EA}.Release|Any CPU.Build.0 = Release|Any CPU
	EndGlobalSection
	GlobalSection(SolutionProperties) = preSolution
		HideSolutionNode = FALSE
	EndGlobalSection
	GlobalSection(ExtensibilityGlobals) = postSolution
		SolutionGuid = {2075BC97-538A-44D6-81BA-25B1269C969C}
	EndGlobalSection
EndGlobal
